
Microsoft Visual Studio Solution File, Format Version 12.00
Project("{FAE04EC0-301F-11D3-BF4B-00C04F79EFBC}") = "OpLaba4", "OpLaba4\OpLaba4.csproj", "{5743488B-BD2A-4734-A79C-3364E5E41DCD}"
EndProject
Global
	GlobalSection(SolutionConfigurationPlatforms) = preSolution
		Debug|Any CPU = Debug|Any CPU
		Release|Any CPU = Release|Any CPU
	EndGlobalSection
	GlobalSection(ProjectConfigurationPlatforms) = postSolution
		{5743488B-BD2A-4734-A79C-3364E5E41DCD}.Debug|Any CPU.ActiveCfg = Debug|Any CPU
		{5743488B-BD2A-4734-A79C-3364E5E41DCD}.Debug|Any CPU.Build.0 = Debug|Any CPU
		{5743488B-BD2A-4734-A79C-3364E5E41DCD}.Release|Any CPU.ActiveCfg = Release|Any CPU
		{5743488B-BD2A-4734-A79C-3364E5E41DCD}.Release|Any CPU.Build.0 = Release|Any CPU
	EndGlobalSection
EndGlobal
